{
    "_meta": {
        "hash": {
            "sha256": "8a8dff30ef4843e93219c0083c2d93353044887526522bf218fc3d819bb6ae65"
        },
        "pipfile-spec": 6,
        "requires": {
            "python_version": "3.10"
        },
        "sources": [
            {
                "name": "pypi",
                "url": "https://pypi.org/simple",
                "verify_ssl": true
            }
        ]
    },
    "default": {
        "async-generator": {
            "hashes": [
                "sha256:01c7bf666359b4967d2cda0000cc2e4af16a0ae098cbffcb8472fb9e8ad6585b",
                "sha256:6ebb3d106c12920aaae42ccb6f787ef5eefdcdd166ea3d628fa8476abe712144"
            ],
            "markers": "python_version >= '3.5'",
            "version": "==1.10"
        },
        "attrs": {
            "hashes": [
                "sha256:2d27e3784d7a565d36ab851fe94887c5eccd6a463168875832a1be79c82828b4",
                "sha256:626ba8234211db98e869df76230a137c4c40a12d72445c45d5f5b716f076e2fd"
            ],
            "markers": "python_version >= '2.7' and python_version not in '3.0, 3.1, 3.2, 3.3, 3.4'",
            "version": "==21.4.0"
        },
        "certifi": {
            "hashes": [
                "sha256:84c85a9078b11105f04f3036a9482ae10e4621616db313fe045dd24743a0820d",
                "sha256:fe86415d55e84719d75f8b69414f6438ac3547d2078ab91b67e779ef69378412"
            ],
            "markers": "python_version >= '3.6'",
            "version": "==2022.6.15"
        },
        "cffi": {
            "hashes": [
                "sha256:00a9ed42e88df81ffae7a8ab6d9356b371399b91dbdf0c3cb1e84c03a13aceb5",
                "sha256:03425bdae262c76aad70202debd780501fabeaca237cdfddc008987c0e0f59ef",
                "sha256:04ed324bda3cda42b9b695d51bb7d54b680b9719cfab04227cdd1e04e5de3104",
                "sha256:0e2642fe3142e4cc4af0799748233ad6da94c62a8bec3a6648bf8ee68b1c7426",
                "sha256:173379135477dc8cac4bc58f45db08ab45d228b3363adb7af79436135d028405",
                "sha256:198caafb44239b60e252492445da556afafc7d1e3ab7a1fb3f0584ef6d742375",
                "sha256:1e74c6b51a9ed6589199c787bf5f9875612ca4a8a0785fb2d4a84429badaf22a",
                "sha256:2012c72d854c2d03e45d06ae57f40d78e5770d252f195b93f581acf3ba44496e",
                "sha256:21157295583fe8943475029ed5abdcf71eb3911894724e360acff1d61c1d54bc",
                "sha256:2470043b93ff09bf8fb1d46d1cb756ce6132c54826661a32d4e4d132e1977adf",
                "sha256:285d29981935eb726a4399badae8f0ffdff4f5050eaa6d0cfc3f64b857b77185",
                "sha256:30d78fbc8ebf9c92c9b7823ee18eb92f2e6ef79b45ac84db507f52fbe3ec4497",
                "sha256:320dab6e7cb2eacdf0e658569d2575c4dad258c0fcc794f46215e1e39f90f2c3",
                "sha256:33ab79603146aace82c2427da5ca6e58f2b3f2fb5da893ceac0c42218a40be35",
                "sha256:3548db281cd7d2561c9ad9984681c95f7b0e38881201e157833a2342c30d5e8c",
                "sha256:3799aecf2e17cf585d977b780ce79ff0dc9b78d799fc694221ce814c2c19db83",
                "sha256:39d39875251ca8f612b6f33e6b1195af86d1b3e60086068be9cc053aa4376e21",
                "sha256:3b926aa83d1edb5aa5b427b4053dc420ec295a08e40911296b9eb1b6170f6cca",
                "sha256:3bcde07039e586f91b45c88f8583ea7cf7a0770df3a1649627bf598332cb6984",
                "sha256:3d08afd128ddaa624a48cf2b859afef385b720bb4b43df214f85616922e6a5ac",
                "sha256:3eb6971dcff08619f8d91607cfc726518b6fa2a9eba42856be181c6d0d9515fd",
                "sha256:40f4774f5a9d4f5e344f31a32b5096977b5d48560c5592e2f3d2c4374bd543ee",
                "sha256:4289fc34b2f5316fbb762d75362931e351941fa95fa18789191b33fc4cf9504a",
                "sha256:470c103ae716238bbe698d67ad020e1db9d9dba34fa5a899b5e21577e6d52ed2",
                "sha256:4f2c9f67e9821cad2e5f480bc8d83b8742896f1242dba247911072d4fa94c192",
                "sha256:50a74364d85fd319352182ef59c5c790484a336f6db772c1a9231f1c3ed0cbd7",
                "sha256:54a2db7b78338edd780e7ef7f9f6c442500fb0d41a5a4ea24fff1c929d5af585",
                "sha256:5635bd9cb9731e6d4a1132a498dd34f764034a8ce60cef4f5319c0541159392f",
                "sha256:59c0b02d0a6c384d453fece7566d1c7e6b7bae4fc5874ef2ef46d56776d61c9e",
                "sha256:5d598b938678ebf3c67377cdd45e09d431369c3b1a5b331058c338e201f12b27",
                "sha256:5df2768244d19ab7f60546d0c7c63ce1581f7af8b5de3eb3004b9b6fc8a9f84b",
                "sha256:5ef34d190326c3b1f822a5b7a45f6c4535e2f47ed06fec77d3d799c450b2651e",
                "sha256:6975a3fac6bc83c4a65c9f9fcab9e47019a11d3d2cf7f3c0d03431bf145a941e",
                "sha256:6c9a799e985904922a4d207a94eae35c78ebae90e128f0c4e521ce339396be9d",
                "sha256:70df4e3b545a17496c9b3f41f5115e69a4f2e77e94e1d2a8e1070bc0c38c8a3c",
                "sha256:7473e861101c9e72452f9bf8acb984947aa1661a7704553a9f6e4baa5ba64415",
                "sha256:8102eaf27e1e448db915d08afa8b41d6c7ca7a04b7d73af6514df10a3e74bd82",
                "sha256:87c450779d0914f2861b8526e035c5e6da0a3199d8f1add1a665e1cbc6fc6d02",
                "sha256:8b7ee99e510d7b66cdb6c593f21c043c248537a32e0bedf02e01e9553a172314",
                "sha256:91fc98adde3d7881af9b59ed0294046f3806221863722ba7d8d120c575314325",
                "sha256:94411f22c3985acaec6f83c6df553f2dbe17b698cc7f8ae751ff2237d96b9e3c",
                "sha256:98d85c6a2bef81588d9227dde12db8a7f47f639f4a17c9ae08e773aa9c697bf3",
                "sha256:9ad5db27f9cabae298d151c85cf2bad1d359a1b9c686a275df03385758e2f914",
                "sha256:a0b71b1b8fbf2b96e41c4d990244165e2c9be83d54962a9a1d118fd8657d2045",
                "sha256:a0f100c8912c114ff53e1202d0078b425bee3649ae34d7b070e9697f93c5d52d",
                "sha256:a591fe9e525846e4d154205572a029f653ada1a78b93697f3b5a8f1f2bc055b9",
                "sha256:a5c84c68147988265e60416b57fc83425a78058853509c1b0629c180094904a5",
                "sha256:a66d3508133af6e8548451b25058d5812812ec3798c886bf38ed24a98216fab2",
                "sha256:a8c4917bd7ad33e8eb21e9a5bbba979b49d9a97acb3a803092cbc1133e20343c",
                "sha256:b3bbeb01c2b273cca1e1e0c5df57f12dce9a4dd331b4fa1635b8bec26350bde3",
                "sha256:cba9d6b9a7d64d4bd46167096fc9d2f835e25d7e4c121fb2ddfc6528fb0413b2",
                "sha256:cc4d65aeeaa04136a12677d3dd0b1c0c94dc43abac5860ab33cceb42b801c1e8",
                "sha256:ce4bcc037df4fc5e3d184794f27bdaab018943698f4ca31630bc7f84a7b69c6d",
                "sha256:cec7d9412a9102bdc577382c3929b337320c4c4c4849f2c5cdd14d7368c5562d",
                "sha256:d400bfb9a37b1351253cb402671cea7e89bdecc294e8016a707f6d1d8ac934f9",
                "sha256:d61f4695e6c866a23a21acab0509af1cdfd2c013cf256bbf5b6b5e2695827162",
                "sha256:db0fbb9c62743ce59a9ff687eb5f4afbe77e5e8403d6697f7446e5f609976f76",
                "sha256:dd86c085fae2efd48ac91dd7ccffcfc0571387fe1193d33b6394db7ef31fe2a4",
                "sha256:e00b098126fd45523dd056d2efba6c5a63b71ffe9f2bbe1a4fe1716e1d0c331e",
                "sha256:e229a521186c75c8ad9490854fd8bbdd9a0c9aa3a524326b55be83b54d4e0ad9",
                "sha256:e263d77ee3dd201c3a142934a086a4450861778baaeeb45db4591ef65550b0a6",
                "sha256:ed9cb427ba5504c1dc15ede7d516b84757c3e3d7868ccc85121d9310d27eed0b",
                "sha256:fa6693661a4c91757f4412306191b6dc88c1703f780c8234035eac011922bc01",
                "sha256:fcd131dd944808b5bdb38e6f5b53013c5aa4f334c5cad0c72742f6eba4b73db0"
            ],
            "markers": "os_name == 'nt' and implementation_name != 'pypy'",
            "version": "==1.15.1"
        },
        "charset-normalizer": {
            "hashes": [
                "sha256:5189b6f22b01957427f35b6a08d9a0bc45b46d3788ef5a92e978433c7a35f8a5",
                "sha256:575e708016ff3a5e3681541cb9d79312c416835686d054a23accb873b254f413"
            ],
            "markers": "python_version >= '3.6'",
            "version": "==2.1.0"
        },
        "cryptography": {
            "hashes": [
                "sha256:190f82f3e87033821828f60787cfa42bff98404483577b591429ed99bed39d59",
                "sha256:2be53f9f5505673eeda5f2736bea736c40f051a739bfae2f92d18aed1eb54596",
                "sha256:30788e070800fec9bbcf9faa71ea6d8068f5136f60029759fd8c3efec3c9dcb3",
                "sha256:3d41b965b3380f10e4611dbae366f6dc3cefc7c9ac4e8842a806b9672ae9add5",
                "sha256:4c590ec31550a724ef893c50f9a97a0c14e9c851c85621c5650d699a7b88f7ab",
                "sha256:549153378611c0cca1042f20fd9c5030d37a72f634c9326e225c9f666d472884",
                "sha256:63f9c17c0e2474ccbebc9302ce2f07b55b3b3fcb211ded18a42d5764f5c10a82",
                "sha256:6bc95ed67b6741b2607298f9ea4932ff157e570ef456ef7ff0ef4884a134cc4b",
                "sha256:7099a8d55cd49b737ffc99c17de504f2257e3787e02abe6d1a6d136574873441",
                "sha256:75976c217f10d48a8b5a8de3d70c454c249e4b91851f6838a4e48b8f41eb71aa",
                "sha256:7bc997818309f56c0038a33b8da5c0bfbb3f1f067f315f9abd6fc07ad359398d",
                "sha256:80f49023dd13ba35f7c34072fa17f604d2f19bf0989f292cedf7ab5770b87a0b",
                "sha256:91ce48d35f4e3d3f1d83e29ef4a9267246e6a3be51864a5b7d2247d5086fa99a",
                "sha256:a958c52505c8adf0d3822703078580d2c0456dd1d27fabfb6f76fe63d2971cd6",
                "sha256:b62439d7cd1222f3da897e9a9fe53bbf5c104fff4d60893ad1355d4c14a24157",
                "sha256:b7f8dd0d4c1f21759695c05a5ec8536c12f31611541f8904083f3dc582604280",
                "sha256:d204833f3c8a33bbe11eda63a54b1aad7aa7456ed769a982f21ec599ba5fa282",
                "sha256:e007f052ed10cc316df59bc90fbb7ff7950d7e2919c9757fd42a2b8ecf8a5f67",
                "sha256:f2dcb0b3b63afb6df7fd94ec6fbddac81b5492513f7b0436210d390c14d46ee8",
                "sha256:f721d1885ecae9078c3f6bbe8a88bc0786b6e749bf32ccec1ef2b18929a05046",
                "sha256:f7a6de3e98771e183645181b3627e2563dcde3ce94a9e42a3f427d2255190327",
                "sha256:f8c0a6e9e1dd3eb0414ba320f85da6b0dcbd543126e30fcc546e7372a7fbf3b9"
            ],
            "version": "==37.0.4"
        },
        "h11": {
            "hashes": [
                "sha256:70813c1135087a248a4d38cc0e1a0181ffab2188141a93eaf567940c3957ff06",
                "sha256:8ddd78563b633ca55346c8cd41ec0af27d3c79931828beffb46ce70a379e7442"
            ],
            "markers": "python_version >= '3.6'",
            "version": "==0.13.0"
        },
        "idna": {
            "hashes": [
                "sha256:84d9dd047ffa80596e0f246e2eab0b391788b0503584e8945f2368256d2735ff",
                "sha256:9d643ff0a55b762d5cdb124b8eaa99c66322e2157b69160bc32796e824360e6d"
            ],
            "markers": "python_version >= '3.5'",
            "version": "==3.3"
        },
        "outcome": {
            "hashes": [
                "sha256:6f82bd3de45da303cf1f771ecafa1633750a358436a8bb60e06a1ceb745d2672",
                "sha256:c4ab89a56575d6d38a05aa16daeaa333109c1f96167aba8901ab18b6b5e0f7f5"
            ],
            "markers": "python_version >= '3.7'",
            "version": "==1.2.0"
        },
        "psycopg-binary": {
            "hashes": [
                "sha256:0bfed4454148ac0a80f04c1892b3ab6b38a8f778d828db5c91a0dda6a67c5c88",
                "sha256:105f86eacd523b8fee0fa576b7efcff2a38714bc084ae781768244a94c36b815",
                "sha256:14183ce8ba816b1ba19a6d52a03dedf6379eb8a1b5eac2ccd37fdf2c70f31964",
                "sha256:192d9d0c9e442247b08908cb8c02d4774516bf1a9ca840edfad8e0a86c2f6292",
                "sha256:1a79a6f3dc9c78ff294d269f0162f8e5d50ceadf84db1b83669c5512e87fc4f1",
                "sha256:262b6be0828048874c75a35e960e7d13f7dfdf462e9f4f596d384d17fa836d1e",
                "sha256:341e85619621778619a7fc152ee05e7a92cdb1a350695e7f31371c3114c2af91",
                "sha256:3bcdd2e94328571f639503229d570beefc69284b9a985534943b1e88a6a93ba5",
                "sha256:4422a0d795ff7c8340084d2152498e7d412cfe0ddaa4c6d214676f74cb18ae1d",
                "sha256:4b4d547c0e20972643849a89db8ac4e9cabbde5be3b7da954660387090d35900",
                "sha256:4b797055aff771471f51d8802471fe8dcbdd88b2cc751ea2cb4ad3c989862931",
                "sha256:50dd83ef554e2804773e0be7a7cda6ef07f828ca022defb552c331726955e0e9",
                "sha256:59435ee6b58d6c16bb60ea893f4359b49032c47824d1f3d5358f9edfd299471a",
                "sha256:5bb8a2fbd0bb163ce118c511f66bf110284f1a5014fb2b2489c4ed4cab3a44b7",
                "sha256:5f588916a70e7236db5234272f61357b6e9e8c8cd95b16fde3a577b6d342e8f0",
                "sha256:5ff583900f8bb733c9c1470328b1957f873b8140473313343e3753e37917d9c9",
                "sha256:606f05fd223630333fff73cf1175839fc679340781eaac3f918ac48077390f25",
                "sha256:60a8c1ef5145f8443081f8d38d4dd37ea0742cecef5fceedc2ada5b477a283d5",
                "sha256:63c09406451c5f2fdb8d4ff4d47a6d9cd675f10ce0bb5639b603419ea1fc4b91",
                "sha256:69c3369bd529fb1dfe86f29db36e17b05909681407804794fe36ca559d5d0b57",
                "sha256:703f9481a39629f7c35dc5a6b64cf213a16ae580855d00f1debffb16928e92a5",
                "sha256:75b680998dcccd5604c12c8f3283c067160fd937ac5964af1d401f093861dc31",
                "sha256:76e351bd74dbf9a1323477778814e5a14453dc717487b0e4c16a3015816c6306",
                "sha256:797ec44c9aeefc2943972f3ce358abd200780c701a4d5417eb7a3f75d7932cdf",
                "sha256:79c5fd3f658f91bc4e7fbcdd1b60a07ffddee862040a34b0163337437767c11f",
                "sha256:7c0c1905de7de09bce3acaf7dab56814050c468eade0cb8ee3d774e28b886ca9",
                "sha256:7d2953019a38486e11d5e54e3bd2e4e82e7b5232376df7dda0d30492d0231b52",
                "sha256:7d52c44926a29c00f7cd71ea2d70c08d4a8b42a4e761ba19beca38815900d81c",
                "sha256:8adc3d84eac60cba1cfb868c23a6bde35de59915dd812c42a7ff6368de9a3b06",
                "sha256:8f5bb92629fd905e79ae7cd6a667a82976d2152f1ea5106290166f8b855a32a1",
                "sha256:8fb492a95c97db2f30f39ee65351ba7f591b4b66291256852b0855c09d9ec11e",
                "sha256:a2570218da28eba94a86da2dbba754d58288be8812652d0b70bf9544dac301de",
                "sha256:a2ccc1ffa87d2787659296fac5b0c071faf371ba576f74cd2dc9f0cbbf95259b",
                "sha256:a30479a00f80a0822dd6de3da46cea5b278fd76b802a82c4597e58231d333474",
                "sha256:a90485ac2466676a42fae7a1ab8420561e27362c39cd713d83168c5118c45458",
                "sha256:ac5ff3f8e7abb36c9584b147e3a9db2817c99d33528c90ab59c3bcab2c5ceac7",
                "sha256:b4dc40ada92cc340276e355ff31ef2653dd9edb925c13cca5f45f69058a111c0",
                "sha256:cb4123f15fcaa62cf971a3c4246727b83c361fa185da4b66459529b2ac84f3b2",
                "sha256:d23952eb3a0e87021136ed5720797abaaa4d2a09fb7479f94b93219aded1f1ec",
                "sha256:d405645a9a8716a35b8ca5fbdebf902fa37acabebfd6edf771e48b9511eab13a",
                "sha256:d8a38d17df0a8be1a17e4796775439f9fd570ecd0d7da7ba90cfe663a1177f63",
                "sha256:dcb3a5b87a66e80dd9f8d9ca2730dc9d1635fbec1627a585d0c228b83bd596d2",
                "sha256:dec6a4bce7f233ab0e8202dc302b43bb0d5f2b57e91cdd6bd465228d674bfa43",
                "sha256:df92cae17c1332751609dbb29b32b738bade7420365739ca8c2976d5af2ff2d5",
                "sha256:e3b68986701b2b4b2aec0933188dba125e988db3628f99a9cb78dd67a0853c13",
                "sha256:e7e333255a07076387fa291081db2bdf69c68e16730de86387444d7bb283367f",
                "sha256:e986d85989c917e4c36145df70ead2bc892abcc2ebaeb3032f974de0af805c46",
                "sha256:f8386e07c1f76b6f01c6d9686b6b2731d156f45739844b254b47d94fe5f18ece",
                "sha256:f8f90426cc8f1ba341a4ef61ee8be5ed45517e0976a418d0bb6d8543eef572ec",
                "sha256:ffedd621d2ca256105acb96a6328cb4e3546c28569e7ceba5fa40559e3c0a0d6"
            ],
            "index": "pypi",
            "version": "==3.0.15"
        },
        "py": {
            "hashes": [
                "sha256:51c75c4126074b472f746a24399ad32f6053d1b34b68d2fa41e558e6f4a98719",
                "sha256:607c53218732647dff4acdfcd50cb62615cedf612e72d1724fb1a0cc6405b378"
            ],
            "index": "pypi",
            "version": "==1.11.0"
        },
        "pycparser": {
            "hashes": [
                "sha256:8ee45429555515e1f6b185e78100aea234072576aa43ab53aefcae078162fca9",
                "sha256:e644fdec12f7872f86c58ff790da456218b10f863970249516d60a5eaca77206"
            ],
            "version": "==2.21"
        },
        "pyopenssl": {
            "hashes": [
                "sha256:660b1b1425aac4a1bea1d94168a85d99f0b3144c869dd4390d27629d0087f1bf",
                "sha256:ea252b38c87425b64116f808355e8da644ef9b07e429398bfece610f893ee2e0"
            ],
            "version": "==22.0.0"
        },
        "pysocks": {
            "hashes": [
                "sha256:08e69f092cc6dbe92a0fdd16eeb9b9ffbc13cadfe5ca4c7bd92ffb078b293299",
                "sha256:2725bd0a9925919b9b51739eea5f9e2bae91e83288108a9ad338b2e3a4435ee5",
                "sha256:3f8804571ebe159c380ac6de37643bb4685970655d3bba243530d6558b799aa0"
            ],
            "version": "==1.7.1"
        },
        "requests": {
            "hashes": [
                "sha256:7c5599b102feddaa661c826c56ab4fee28bfd17f5abca1ebbe3e7f19d7c97983",
                "sha256:8fefa2a1a1365bf5520aac41836fbee479da67864514bdb821f31ce07ce65349"
            ],
            "index": "pypi",
            "version": "==2.28.1"
        },
        "robotframework": {
            "hashes": [
                "sha256:2d2072cf9ec807e820bf27e5f71240e715e37691c9ba930a59a71d5c0fd61998",
                "sha256:cf5dc59777ed9d8c3e1e91fb4403454890242867735681f22f4f22dbb2a20fc8"
            ],
            "index": "pypi",
            "version": "==5.0.1"
        },
        "robotframework-pythonlibcore": {
            "hashes": [
                "sha256:1bce3b8dfcb7519789ee3a89320f6402e126f6d0a02794184a1ab8cee0e46b5d",
                "sha256:af10c2403cd38834988c4ce68ffb6ec6f9b14bd2cd39ecf836d443377c59b7c4"
            ],
            "markers": "python_version >= '3.6' and python_version < '4'",
            "version": "==3.0.0"
        },
        "robotframework-seleniumlibrary": {
            "hashes": [
                "sha256:8825aabc8d6f01525d3a005bf11d78bfb630ef01ba7d02b05fe9886b0c98e31d",
                "sha256:ef6d5f1b481513cb6e3d15d78b0dcbabc53aa0866d8d23844b899ac824a0ea82"
            ],
            "index": "pypi",
            "version": "==6.0.0"
        },
        "selenium": {
            "hashes": [
                "sha256:f67402b8f973aaa98d9c55b8f9aa63532009cd1859b2222a8b9800354942d8bc"
            ],
            "markers": "python_version ~= '3.7'",
            "version": "==4.3.0"
        },
        "sniffio": {
            "hashes": [
                "sha256:471b71698eac1c2112a40ce2752bb2f4a4814c22a54a3eed3676bc0f5ca9f663",
                "sha256:c4666eecec1d3f50960c6bdf61ab7bc350648da6c126e3cf6898d8cd4ddcd3de"
            ],
            "markers": "python_version >= '3.5'",
            "version": "==1.2.0"
        },
        "sortedcontainers": {
            "hashes": [
                "sha256:25caa5a06cc30b6b83d11423433f65d1f9d76c4c6a0c90e3379eaa43b9bfdb88",
                "sha256:a163dcaede0f1c021485e957a39245190e74249897e2ae4b2aa38595db237ee0"
            ],
            "version": "==2.4.0"
        },
        "trio": {
            "hashes": [
                "sha256:4dc0bf9d5cc78767fc4516325b6d80cc0968705a31d0eec2ecd7cdda466265b0",
                "sha256:523f39b7b69eef73501cebfe1aafd400a9aad5b03543a0eded52952488ff1c13"
            ],
            "markers": "python_version >= '3.7'",
            "version": "==0.21.0"
        },
        "trio-websocket": {
            "hashes": [
                "sha256:5b558f6e83cc20a37c3b61202476c5295d1addf57bd65543364e0337e37ed2bc",
                "sha256:a3d34de8fac26023eee701ed1e7bf4da9a8326b61a62934ec9e53b64970fd8fe"
            ],
            "markers": "python_version >= '3.5'",
            "version": "==0.9.2"
        },
        "urllib3": {
            "hashes": [
                "sha256:8298d6d56d39be0e3bc13c1c97d133f9b45d797169a0e11cdd0e0489d786f7ec",
                "sha256:879ba4d1e89654d9769ce13121e0f94310ea32e8d2f8cf587b77c08bbcdb30d6"
            ],
            "markers": "python_version >= '2.7' and python_version not in '3.0, 3.1, 3.2, 3.3, 3.4, 3.5' and python_version < '4'",
            "version": "==1.26.10"
        },
        "wsproto": {
            "hashes": [
                "sha256:2218cb57952d90b9fca325c0dcfb08c3bda93e8fd8070b0a17f048e2e47a521b",
                "sha256:a2e56bfd5c7cd83c1369d83b5feccd6d37798b74872866e62616e0ecf111bda8"
            ],
            "markers": "python_version >= '3.7'",
            "version": "==1.1.0"
        }
    },
    "develop": {}
}
